
Microsoft Visual Studio Solution File, Format Version 12.00
# Visual Studio Version 17
VisualStudioVersion = 17.5.33516.290
MinimumVisualStudioVersion = 10.0.40219.1
Project("{FAE04EC0-301F-11D3-BF4B-00C04F79EFBC}") = "WpfNotatnik4pa", "WpfNotatnik4pa\WpfNotatnik4pa.csproj", "{B5D62BF9-632A-4669-B6E6-B491B9680262}"
EndProject
Global
	GlobalSection(SolutionConfigurationPlatforms) = preSolution
		Debug|Any CPU = Debug|Any CPU
		Release|Any CPU = Release|Any CPU
	EndGlobalSection
	GlobalSection(ProjectConfigurationPlatforms) = postSolution
		{B5D62BF9-632A-4669-B6E6-B491B9680262}.Debug|Any CPU.ActiveCfg = Debug|Any CPU
		{B5D62BF9-632A-4669-B6E6-B491B9680262}.Debug|Any CPU.Build.0 = Debug|Any CPU
		{B5D62BF9-632A-4669-B6E6-B491B9680262}.Release|Any CPU.ActiveCfg = Release|Any CPU
		{B5D62BF9-632A-4669-B6E6-B491B9680262}.Release|Any CPU.Build.0 = Release|Any CPU
	EndGlobalSection
	GlobalSection(SolutionProperties) = preSolution
		HideSolutionNode = FALSE
	EndGlobalSection
	GlobalSection(ExtensibilityGlobals) = postSolution
		SolutionGuid = {97DF2707-F483-4696-B4E8-69AF754958EE}
	EndGlobalSection
EndGlobal
